
Microsoft Visual Studio Solution File, Format Version 12.00
# Visual Studio 14
VisualStudioVersion = 14.0.25420.1
MinimumVisualStudioVersion = 10.0.40219.1
Project("{2150E333-8FDC-42A3-9474-1A3956D46DE8}") = "Objective1_1", "Objective1_1", "{2504136B-6806-4A72-A992-F4301EA41D54}"
EndProject
Project("{FAE04EC0-301F-11D3-BF4B-00C04F79EFBC}") = "asyncAwait", "..\Objective1_1\asyncAwait\asyncAwait.csproj", "{890BAF2A-CF44-4ED8-ABB6-7B27E513BAA7}"
EndProject
Project("{FAE04EC0-301F-11D3-BF4B-00C04F79EFBC}") = "blockingCollection", "..\Objective1_1\blockingCollection\blockingCollection.csproj", "{9E9E8BBC-0D1F-40B4-80ED-0200EBC6369A}"
EndProject
Project("{FAE04EC0-301F-11D3-BF4B-00C04F79EFBC}") = "childTasks", "..\Objective1_1\childTasks\childTasks.csproj", "{6804CC91-5A13-4645-90A0-72EC6E16CA93}"
EndProject
Project("{FAE04EC0-301F-11D3-BF4B-00C04F79EFBC}") = "concurrentBag", "..\Objective1_1\concurrentBag\concurrentBag.csproj", "{AE8F83E0-A3D6-4B60-807B-17181C2DA089}"
EndProject
Project("{FAE04EC0-301F-11D3-BF4B-00C04F79EFBC}") = "concurrentDictionary", "..\Objective1_1\concurrentDictionary\concurrentDictionary.csproj", "{295E5958-5A72-460E-83E6-ED68471F7673}"
EndProject
Project("{FAE04EC0-301F-11D3-BF4B-00C04F79EFBC}") = "concurrentQueue", "..\Objective1_1\concurrentQueue\concurrentQueue.csproj", "{F71E76DC-29CD-45D1-BCB1-8DE3DF562D07}"
EndProject
Project("{FAE04EC0-301F-11D3-BF4B-00C04F79EFBC}") = "consurrentStack", "..\Objective1_1\consurrentStack\consurrentStack.csproj", "{1641C6B8-DFAA-4A98-9682-83EBEBBCC081}"
EndProject
Project("{FAE04EC0-301F-11D3-BF4B-00C04F79EFBC}") = "parallels", "..\Objective1_1\parallels\parallels.csproj", "{A8E10424-4675-4E94-8B1E-B18046E4AD34}"
EndProject
Project("{FAE04EC0-301F-11D3-BF4B-00C04F79EFBC}") = "plinq", "..\Objective1_1\plinq\plinq.csproj", "{0C555728-B492-441E-853C-7FBCEF614B8C}"
EndProject
Project("{FAE04EC0-301F-11D3-BF4B-00C04F79EFBC}") = "stoppingThread", "..\Objective1_1\stoppingThread\stoppingThread.csproj", "{83FB789D-5528-4F60-9FE0-A46048EC9C33}"
EndProject
Project("{FAE04EC0-301F-11D3-BF4B-00C04F79EFBC}") = "taskContinuations", "..\Objective1_1\taskContinuations\taskContinuations.csproj", "{D7A2D162-1FCB-48FB-BA97-4377F2C140AA}"
EndProject
Project("{FAE04EC0-301F-11D3-BF4B-00C04F79EFBC}") = "taskFactory", "..\Objective1_1\taskFactory\taskFactory.csproj", "{3D3357C4-D1C1-4D94-B5D2-545532DA0597}"
EndProject
Project("{FAE04EC0-301F-11D3-BF4B-00C04F79EFBC}") = "tasks", "..\Objective1_1\tasks\tasks.csproj", "{CA09DBBE-9A6A-4842-9F73-D2FFEB3AD2F9}"
EndProject
Project("{FAE04EC0-301F-11D3-BF4B-00C04F79EFBC}") = "threadLocal", "..\Objective1_1\threadLocal\threadLocal.csproj", "{7EE84F60-867F-44BD-BEE5-06DFB0BD586F}"
EndProject
Project("{FAE04EC0-301F-11D3-BF4B-00C04F79EFBC}") = "threadPools", "..\Objective1_1\threadPools\threadPools.csproj", "{01AB9F54-7320-4C23-8FAB-A6372B6ADDB0}"
EndProject
Project("{FAE04EC0-301F-11D3-BF4B-00C04F79EFBC}") = "threadStarticAttr", "..\Objective1_1\threadStarticAttr\threadStarticAttr.csproj", "{ADE8226C-1B6B-42E9-A0D9-771C23B34FC8}"
EndProject
Project("{2150E333-8FDC-42A3-9474-1A3956D46DE8}") = "Objective1_2", "Objective1_2", "{72A34788-104B-4716-8032-70DFEF19BB8D}"
EndProject
Project("{FAE04EC0-301F-11D3-BF4B-00C04F79EFBC}") = "cancellingTasks", "..\Objective1_2\cancellingTasks\cancellingTasks.csproj", "{D76D0403-AA62-408A-ACBC-D727DB0F157D}"
EndProject
Project("{FAE04EC0-301F-11D3-BF4B-00C04F79EFBC}") = "interLocked", "..\Objective1_2\interLocked\interLocked.csproj", "{D8F842A7-B2DB-47C2-B113-8A4A46A09C24}"
EndProject
Project("{FAE04EC0-301F-11D3-BF4B-00C04F79EFBC}") = "nonSynchronized", "..\Objective1_2\nonSynchronized\nonSynchronized.csproj", "{BED91DD3-C8E3-47C7-99D8-7B265C2B55C5}"
EndProject
Project("{FAE04EC0-301F-11D3-BF4B-00C04F79EFBC}") = "volatile", "..\Objective1_2\volatile\volatile.csproj", "{916A1731-2F20-45A1-8ECC-26F0EFBE482C}"
EndProject
Project("{2150E333-8FDC-42A3-9474-1A3956D46DE8}") = "Objective1_3", "Objective1_3", "{8CE6A05C-07A9-45BA-B35B-A6E4DD9CC4A9}"
EndProject
Project("{FAE04EC0-301F-11D3-BF4B-00C04F79EFBC}") = "shortCircuiting", "..\Objective1_3\shortCircuiting\shortCircuiting.csproj", "{581A7760-734B-4044-AFD9-8DFDDEDC1870}"
EndProject
Project("{2150E333-8FDC-42A3-9474-1A3956D46DE8}") = "Objective1_4", "Objective1_4", "{0F9C62CD-9B56-4423-9C2C-A9B82D8F609F}"
EndProject
Project("{FAE04EC0-301F-11D3-BF4B-00C04F79EFBC}") = "covarianceContravariance", "..\Objective1_4\covarianceContravariance\covarianceContravariance.csproj", "{F9926C44-2274-4C60-8C9C-A8C1DC802B90}"
EndProject
Project("{FAE04EC0-301F-11D3-BF4B-00C04F79EFBC}") = "eventAccessors", "..\Objective1_4\eventAccessors\eventAccessors.csproj", "{A01F91E8-6595-4C23-B198-9F84A118FE52}"
EndProject
Project("{FAE04EC0-301F-11D3-BF4B-00C04F79EFBC}") = "events", "..\Objective1_4\events\events.csproj", "{367F4F96-76AE-4C9B-8021-DB527ACBDAE8}"
EndProject
Project("{FAE04EC0-301F-11D3-BF4B-00C04F79EFBC}") = "exceptionDelegates", "..\Objective1_4\exceptionDelegates\exceptionDelegates.csproj", "{21582157-1ED8-45B0-8ECA-90B803644990}"
EndProject
Project("{FAE04EC0-301F-11D3-BF4B-00C04F79EFBC}") = "funcAndAction", "..\Objective1_4\funcAndAction\funcAndAction.csproj", "{75D2C397-C4D3-4427-9A3D-1FE824A7F876}"
EndProject
Project("{FAE04EC0-301F-11D3-BF4B-00C04F79EFBC}") = "lambdaExpressions", "..\Objective1_4\lambdaExpressions\lambdaExpressions.csproj", "{3C4EE97C-A69F-4998-B486-47D3D34A7674}"
EndProject
Project("{FAE04EC0-301F-11D3-BF4B-00C04F79EFBC}") = "manuallyRaising", "..\Objective1_4\manuallyRaising\manuallyRaising.csproj", "{C6E95411-337A-4DE0-BDAB-36499BC90411}"
EndProject
Project("{FAE04EC0-301F-11D3-BF4B-00C04F79EFBC}") = "multiCastDelegate", "..\Objective1_4\multiCastDelegate\multiCastDelegate.csproj", "{EE62BD49-D6AE-49F1-834B-0BD3C8969912}"
EndProject
Project("{FAE04EC0-301F-11D3-BF4B-00C04F79EFBC}") = "usingDelegate", "..\Objective1_4\usingDelegate\usingDelegate.csproj", "{28AB131E-3EEF-4584-9BAF-7FF6442D839F}"
EndProject
Project("{2150E333-8FDC-42A3-9474-1A3956D46DE8}") = "Objective1_5", "Objective1_5", "{5AA1A6E2-8622-4FCC-AF73-DDC828F9B345}"
EndProject
Project("{FAE04EC0-301F-11D3-BF4B-00C04F79EFBC}") = "basicExceptionhandling", "..\Objective1_5\basicExceptionhandling\basicExceptionhandling.csproj", "{5F2A0592-DF6B-4067-9D2C-F3FD542FD134}"
EndProject
Project("{FAE04EC0-301F-11D3-BF4B-00C04F79EFBC}") = "customExceptions", "..\Objective1_5\customExceptions\customExceptions.csproj", "{D5FD1DA8-DE94-4AD9-90C5-8334A1247B43}"
EndProject
Project("{FAE04EC0-301F-11D3-BF4B-00C04F79EFBC}") = "exceptionDispatchInfo", "..\Objective1_5\exceptionDispatchInfo\exceptionDispatchInfo.csproj", "{2B0245C1-187C-48AA-9EE3-FC2403548F1C}"
EndProject
Project("{FAE04EC0-301F-11D3-BF4B-00C04F79EFBC}") = "finallyBlockFailfast", "..\Objective1_5\finallyBlockFailfast\finallyBlockFailfast.csproj", "{6AB8BF80-87F5-4FDE-A250-99E73A8D530B}"
EndProject
Project("{2150E333-8FDC-42A3-9474-1A3956D46DE8}") = "Objective2_1", "Objective2_1", "{1A66B6F9-35B8-4496-851C-F85120802A29}"
EndProject
Project("{FAE04EC0-301F-11D3-BF4B-00C04F79EFBC}") = "extensionMethods", "..\Objective2_1\extensionMethods\extensionMethods.csproj", "{4589D790-7CC1-47BC-91DD-730421BC1E55}"
EndProject
Project("{FAE04EC0-301F-11D3-BF4B-00C04F79EFBC}") = "generics", "..\Objective2_1\generics\generics.csproj", "{5C2EE769-305A-44AE-9020-678210F341A2}"
EndProject
Project("{FAE04EC0-301F-11D3-BF4B-00C04F79EFBC}") = "indexers", "..\Objective2_1\indexers\indexers.csproj", "{4F52EDB3-A14E-4B1D-8B41-CDABE1FBAF97}"
EndProject
Project("{FAE04EC0-301F-11D3-BF4B-00C04F79EFBC}") = "instanceField", "..\Objective2_1\instanceField\instanceField.csproj", "{1C708237-293B-4DD2-9AF8-C4950553CA61}"
EndProject
Project("{FAE04EC0-301F-11D3-BF4B-00C04F79EFBC}") = "overriding", "..\Objective2_1\overriding\overriding.csproj", "{98E3306B-173A-4C80-9CCF-27689D151E40}"
EndProject
Project("{2150E333-8FDC-42A3-9474-1A3956D46DE8}") = "Objective2_2", "Objective2_2", "{EC57C173-A199-48DE-A784-414178F60821}"
EndProject
Project("{FAE04EC0-301F-11D3-BF4B-00C04F79EFBC}") = "dynamicObject", "..\Objective2_2\dynamicObject\dynamicObject.csproj", "{4191A6D8-19D0-4A63-A36E-E5DE3AC2E304}"
EndProject
Project("{FAE04EC0-301F-11D3-BF4B-00C04F79EFBC}") = "dynamicObjectandOfficeAutomation", "..\Objective2_2\dynamicObjectandOfficeAutomation\dynamicObjectandOfficeAutomation.csproj", "{0C52D327-E5A6-4AE9-B435-7B4F7DCCF48D}"
EndProject
Project("{FAE04EC0-301F-11D3-BF4B-00C04F79EFBC}") = "expandoObject", "..\Objective2_2\expandoObject\expandoObject.csproj", "{CF571C69-F514-4B34-AE9A-31FFE95A8AFA}"
EndProject
Project("{FAE04EC0-301F-11D3-BF4B-00C04F79EFBC}") = "implicitExplicitConversion", "..\Objective2_2\implicitExplicitConversion\implicitExplicitConversion.csproj", "{837354F6-9F13-421B-9DAC-781DA0810B4E}"
EndProject
Project("{2150E333-8FDC-42A3-9474-1A3956D46DE8}") = "Objective2_3", "Objective2_3", "{16869B23-F5E0-4519-AAE2-77942289D5BF}"
EndProject
Project("{FAE04EC0-301F-11D3-BF4B-00C04F79EFBC}") = "encapsulations", "..\Objective2_3\encapsulations\encapsulations.csproj", "{004B136D-98CA-4537-B3A5-22D0EF965A6A}"
EndProject
Project("{FAE04EC0-301F-11D3-BF4B-00C04F79EFBC}") = "explicitImplementation", "..\Objective2_3\explicitImplementation\explicitImplementation.csproj", "{9C6F0AEF-B184-48B5-B28A-6563EE4D2B80}"
EndProject
Project("{FAE04EC0-301F-11D3-BF4B-00C04F79EFBC}") = "explicit2", "..\Objective2_3\explicit2\explicit2.csproj", "{2190F305-8CA2-444C-8067-E7C0EA027069}"
EndProject
Global
	GlobalSection(SolutionConfigurationPlatforms) = preSolution
		Debug|Any CPU = Debug|Any CPU
		Release|Any CPU = Release|Any CPU
	EndGlobalSection
	GlobalSection(ProjectConfigurationPlatforms) = postSolution
		{890BAF2A-CF44-4ED8-ABB6-7B27E513BAA7}.Debug|Any CPU.ActiveCfg = Debug|Any CPU
		{890BAF2A-CF44-4ED8-ABB6-7B27E513BAA7}.Debug|Any CPU.Build.0 = Debug|Any CPU
		{890BAF2A-CF44-4ED8-ABB6-7B27E513BAA7}.Release|Any CPU.ActiveCfg = Release|Any CPU
		{890BAF2A-CF44-4ED8-ABB6-7B27E513BAA7}.Release|Any CPU.Build.0 = Release|Any CPU
		{9E9E8BBC-0D1F-40B4-80ED-0200EBC6369A}.Debug|Any CPU.ActiveCfg = Debug|Any CPU
		{9E9E8BBC-0D1F-40B4-80ED-0200EBC6369A}.Debug|Any CPU.Build.0 = Debug|Any CPU
		{9E9E8BBC-0D1F-40B4-80ED-0200EBC6369A}.Release|Any CPU.ActiveCfg = Release|Any CPU
		{9E9E8BBC-0D1F-40B4-80ED-0200EBC6369A}.Release|Any CPU.Build.0 = Release|Any CPU
		{6804CC91-5A13-4645-90A0-72EC6E16CA93}.Debug|Any CPU.ActiveCfg = Debug|Any CPU
		{6804CC91-5A13-4645-90A0-72EC6E16CA93}.Debug|Any CPU.Build.0 = Debug|Any CPU
		{6804CC91-5A13-4645-90A0-72EC6E16CA93}.Release|Any CPU.ActiveCfg = Release|Any CPU
		{6804CC91-5A13-4645-90A0-72EC6E16CA93}.Release|Any CPU.Build.0 = Release|Any CPU
		{AE8F83E0-A3D6-4B60-807B-17181C2DA089}.Debug|Any CPU.ActiveCfg = Debug|Any CPU
		{AE8F83E0-A3D6-4B60-807B-17181C2DA089}.Debug|Any CPU.Build.0 = Debug|Any CPU
		{AE8F83E0-A3D6-4B60-807B-17181C2DA089}.Release|Any CPU.ActiveCfg = Release|Any CPU
		{AE8F83E0-A3D6-4B60-807B-17181C2DA089}.Release|Any CPU.Build.0 = Release|Any CPU
		{295E5958-5A72-460E-83E6-ED68471F7673}.Debug|Any CPU.ActiveCfg = Debug|Any CPU
		{295E5958-5A72-460E-83E6-ED68471F7673}.Debug|Any CPU.Build.0 = Debug|Any CPU
		{295E5958-5A72-460E-83E6-ED68471F7673}.Release|Any CPU.ActiveCfg = Release|Any CPU
		{295E5958-5A72-460E-83E6-ED68471F7673}.Release|Any CPU.Build.0 = Release|Any CPU
		{F71E76DC-29CD-45D1-BCB1-8DE3DF562D07}.Debug|Any CPU.ActiveCfg = Debug|Any CPU
		{F71E76DC-29CD-45D1-BCB1-8DE3DF562D07}.Debug|Any CPU.Build.0 = Debug|Any CPU
		{F71E76DC-29CD-45D1-BCB1-8DE3DF562D07}.Release|Any CPU.ActiveCfg = Release|Any CPU
		{F71E76DC-29CD-45D1-BCB1-8DE3DF562D07}.Release|Any CPU.Build.0 = Release|Any CPU
		{1641C6B8-DFAA-4A98-9682-83EBEBBCC081}.Debug|Any CPU.ActiveCfg = Debug|Any CPU
		{1641C6B8-DFAA-4A98-9682-83EBEBBCC081}.Debug|Any CPU.Build.0 = Debug|Any CPU
		{1641C6B8-DFAA-4A98-9682-83EBEBBCC081}.Release|Any CPU.ActiveCfg = Release|Any CPU
		{1641C6B8-DFAA-4A98-9682-83EBEBBCC081}.Release|Any CPU.Build.0 = Release|Any CPU
		{A8E10424-4675-4E94-8B1E-B18046E4AD34}.Debug|Any CPU.ActiveCfg = Debug|Any CPU
		{A8E10424-4675-4E94-8B1E-B18046E4AD34}.Debug|Any CPU.Build.0 = Debug|Any CPU
		{A8E10424-4675-4E94-8B1E-B18046E4AD34}.Release|Any CPU.ActiveCfg = Release|Any CPU
		{A8E10424-4675-4E94-8B1E-B18046E4AD34}.Release|Any CPU.Build.0 = Release|Any CPU
		{0C555728-B492-441E-853C-7FBCEF614B8C}.Debug|Any CPU.ActiveCfg = Debug|Any CPU
		{0C555728-B492-441E-853C-7FBCEF614B8C}.Debug|Any CPU.Build.0 = Debug|Any CPU
		{0C555728-B492-441E-853C-7FBCEF614B8C}.Release|Any CPU.ActiveCfg = Release|Any CPU
		{0C555728-B492-441E-853C-7FBCEF614B8C}.Release|Any CPU.Build.0 = Release|Any CPU
		{83FB789D-5528-4F60-9FE0-A46048EC9C33}.Debug|Any CPU.ActiveCfg = Debug|Any CPU
		{83FB789D-5528-4F60-9FE0-A46048EC9C33}.Debug|Any CPU.Build.0 = Debug|Any CPU
		{83FB789D-5528-4F60-9FE0-A46048EC9C33}.Release|Any CPU.ActiveCfg = Release|Any CPU
		{83FB789D-5528-4F60-9FE0-A46048EC9C33}.Release|Any CPU.Build.0 = Release|Any CPU
		{D7A2D162-1FCB-48FB-BA97-4377F2C140AA}.Debug|Any CPU.ActiveCfg = Debug|Any CPU
		{D7A2D162-1FCB-48FB-BA97-4377F2C140AA}.Debug|Any CPU.Build.0 = Debug|Any CPU
		{D7A2D162-1FCB-48FB-BA97-4377F2C140AA}.Release|Any CPU.ActiveCfg = Release|Any CPU
		{D7A2D162-1FCB-48FB-BA97-4377F2C140AA}.Release|Any CPU.Build.0 = Release|Any CPU
		{3D3357C4-D1C1-4D94-B5D2-545532DA0597}.Debug|Any CPU.ActiveCfg = Debug|Any CPU
		{3D3357C4-D1C1-4D94-B5D2-545532DA0597}.Debug|Any CPU.Build.0 = Debug|Any CPU
		{3D3357C4-D1C1-4D94-B5D2-545532DA0597}.Release|Any CPU.ActiveCfg = Release|Any CPU
		{3D3357C4-D1C1-4D94-B5D2-545532DA0597}.Release|Any CPU.Build.0 = Release|Any CPU
		{CA09DBBE-9A6A-4842-9F73-D2FFEB3AD2F9}.Debug|Any CPU.ActiveCfg = Debug|Any CPU
		{CA09DBBE-9A6A-4842-9F73-D2FFEB3AD2F9}.Debug|Any CPU.Build.0 = Debug|Any CPU
		{CA09DBBE-9A6A-4842-9F73-D2FFEB3AD2F9}.Release|Any CPU.ActiveCfg = Release|Any CPU
		{CA09DBBE-9A6A-4842-9F73-D2FFEB3AD2F9}.Release|Any CPU.Build.0 = Release|Any CPU
		{7EE84F60-867F-44BD-BEE5-06DFB0BD586F}.Debug|Any CPU.ActiveCfg = Debug|Any CPU
		{7EE84F60-867F-44BD-BEE5-06DFB0BD586F}.Debug|Any CPU.Build.0 = Debug|Any CPU
		{7EE84F60-867F-44BD-BEE5-06DFB0BD586F}.Release|Any CPU.ActiveCfg = Release|Any CPU
		{7EE84F60-867F-44BD-BEE5-06DFB0BD586F}.Release|Any CPU.Build.0 = Release|Any CPU
		{01AB9F54-7320-4C23-8FAB-A6372B6ADDB0}.Debug|Any CPU.ActiveCfg = Debug|Any CPU
		{01AB9F54-7320-4C23-8FAB-A6372B6ADDB0}.Debug|Any CPU.Build.0 = Debug|Any CPU
		{01AB9F54-7320-4C23-8FAB-A6372B6ADDB0}.Release|Any CPU.ActiveCfg = Release|Any CPU
		{01AB9F54-7320-4C23-8FAB-A6372B6ADDB0}.Release|Any CPU.Build.0 = Release|Any CPU
		{ADE8226C-1B6B-42E9-A0D9-771C23B34FC8}.Debug|Any CPU.ActiveCfg = Debug|Any CPU
		{ADE8226C-1B6B-42E9-A0D9-771C23B34FC8}.Debug|Any CPU.Build.0 = Debug|Any CPU
		{ADE8226C-1B6B-42E9-A0D9-771C23B34FC8}.Release|Any CPU.ActiveCfg = Release|Any CPU
		{ADE8226C-1B6B-42E9-A0D9-771C23B34FC8}.Release|Any CPU.Build.0 = Release|Any CPU
		{D76D0403-AA62-408A-ACBC-D727DB0F157D}.Debug|Any CPU.ActiveCfg = Debug|Any CPU
		{D76D0403-AA62-408A-ACBC-D727DB0F157D}.Debug|Any CPU.Build.0 = Debug|Any CPU
		{D76D0403-AA62-408A-ACBC-D727DB0F157D}.Release|Any CPU.ActiveCfg = Release|Any CPU
		{D76D0403-AA62-408A-ACBC-D727DB0F157D}.Release|Any CPU.Build.0 = Release|Any CPU
		{D8F842A7-B2DB-47C2-B113-8A4A46A09C24}.Debug|Any CPU.ActiveCfg = Debug|Any CPU
		{D8F842A7-B2DB-47C2-B113-8A4A46A09C24}.Debug|Any CPU.Build.0 = Debug|Any CPU
		{D8F842A7-B2DB-47C2-B113-8A4A46A09C24}.Release|Any CPU.ActiveCfg = Release|Any CPU
		{D8F842A7-B2DB-47C2-B113-8A4A46A09C24}.Release|Any CPU.Build.0 = Release|Any CPU
		{BED91DD3-C8E3-47C7-99D8-7B265C2B55C5}.Debug|Any CPU.ActiveCfg = Debug|Any CPU
		{BED91DD3-C8E3-47C7-99D8-7B265C2B55C5}.Debug|Any CPU.Build.0 = Debug|Any CPU
		{BED91DD3-C8E3-47C7-99D8-7B265C2B55C5}.Release|Any CPU.ActiveCfg = Release|Any CPU
		{BED91DD3-C8E3-47C7-99D8-7B265C2B55C5}.Release|Any CPU.Build.0 = Release|Any CPU
		{916A1731-2F20-45A1-8ECC-26F0EFBE482C}.Debug|Any CPU.ActiveCfg = Debug|Any CPU
		{916A1731-2F20-45A1-8ECC-26F0EFBE482C}.Debug|Any CPU.Build.0 = Debug|Any CPU
		{916A1731-2F20-45A1-8ECC-26F0EFBE482C}.Release|Any CPU.ActiveCfg = Release|Any CPU
		{916A1731-2F20-45A1-8ECC-26F0EFBE482C}.Release|Any CPU.Build.0 = Release|Any CPU
		{581A7760-734B-4044-AFD9-8DFDDEDC1870}.Debug|Any CPU.ActiveCfg = Debug|Any CPU
		{581A7760-734B-4044-AFD9-8DFDDEDC1870}.Debug|Any CPU.Build.0 = Debug|Any CPU
		{581A7760-734B-4044-AFD9-8DFDDEDC1870}.Release|Any CPU.ActiveCfg = Release|Any CPU
		{581A7760-734B-4044-AFD9-8DFDDEDC1870}.Release|Any CPU.Build.0 = Release|Any CPU
		{F9926C44-2274-4C60-8C9C-A8C1DC802B90}.Debug|Any CPU.ActiveCfg = Debug|Any CPU
		{F9926C44-2274-4C60-8C9C-A8C1DC802B90}.Debug|Any CPU.Build.0 = Debug|Any CPU
		{F9926C44-2274-4C60-8C9C-A8C1DC802B90}.Release|Any CPU.ActiveCfg = Release|Any CPU
		{F9926C44-2274-4C60-8C9C-A8C1DC802B90}.Release|Any CPU.Build.0 = Release|Any CPU
		{A01F91E8-6595-4C23-B198-9F84A118FE52}.Debug|Any CPU.ActiveCfg = Debug|Any CPU
		{A01F91E8-6595-4C23-B198-9F84A118FE52}.Debug|Any CPU.Build.0 = Debug|Any CPU
		{A01F91E8-6595-4C23-B198-9F84A118FE52}.Release|Any CPU.ActiveCfg = Release|Any CPU
		{A01F91E8-6595-4C23-B198-9F84A118FE52}.Release|Any CPU.Build.0 = Release|Any CPU
		{367F4F96-76AE-4C9B-8021-DB527ACBDAE8}.Debug|Any CPU.ActiveCfg = Debug|Any CPU
		{367F4F96-76AE-4C9B-8021-DB527ACBDAE8}.Debug|Any CPU.Build.0 = Debug|Any CPU
		{367F4F96-76AE-4C9B-8021-DB527ACBDAE8}.Release|Any CPU.ActiveCfg = Release|Any CPU
		{367F4F96-76AE-4C9B-8021-DB527ACBDAE8}.Release|Any CPU.Build.0 = Release|Any CPU
		{21582157-1ED8-45B0-8ECA-90B803644990}.Debug|Any CPU.ActiveCfg = Debug|Any CPU
		{21582157-1ED8-45B0-8ECA-90B803644990}.Debug|Any CPU.Build.0 = Debug|Any CPU
		{21582157-1ED8-45B0-8ECA-90B803644990}.Release|Any CPU.ActiveCfg = Release|Any CPU
		{21582157-1ED8-45B0-8ECA-90B803644990}.Release|Any CPU.Build.0 = Release|Any CPU
		{75D2C397-C4D3-4427-9A3D-1FE824A7F876}.Debug|Any CPU.ActiveCfg = Debug|Any CPU
		{75D2C397-C4D3-4427-9A3D-1FE824A7F876}.Debug|Any CPU.Build.0 = Debug|Any CPU
		{75D2C397-C4D3-4427-9A3D-1FE824A7F876}.Release|Any CPU.ActiveCfg = Release|Any CPU
		{75D2C397-C4D3-4427-9A3D-1FE824A7F876}.Release|Any CPU.Build.0 = Release|Any CPU
		{3C4EE97C-A69F-4998-B486-47D3D34A7674}.Debug|Any CPU.ActiveCfg = Debug|Any CPU
		{3C4EE97C-A69F-4998-B486-47D3D34A7674}.Debug|Any CPU.Build.0 = Debug|Any CPU
		{3C4EE97C-A69F-4998-B486-47D3D34A7674}.Release|Any CPU.ActiveCfg = Release|Any CPU
		{3C4EE97C-A69F-4998-B486-47D3D34A7674}.Release|Any CPU.Build.0 = Release|Any CPU
		{C6E95411-337A-4DE0-BDAB-36499BC90411}.Debug|Any CPU.ActiveCfg = Debug|Any CPU
		{C6E95411-337A-4DE0-BDAB-36499BC90411}.Debug|Any CPU.Build.0 = Debug|Any CPU
		{C6E95411-337A-4DE0-BDAB-36499BC90411}.Release|Any CPU.ActiveCfg = Release|Any CPU
		{C6E95411-337A-4DE0-BDAB-36499BC90411}.Release|Any CPU.Build.0 = Release|Any CPU
		{EE62BD49-D6AE-49F1-834B-0BD3C8969912}.Debug|Any CPU.ActiveCfg = Debug|Any CPU
		{EE62BD49-D6AE-49F1-834B-0BD3C8969912}.Debug|Any CPU.Build.0 = Debug|Any CPU
		{EE62BD49-D6AE-49F1-834B-0BD3C8969912}.Release|Any CPU.ActiveCfg = Release|Any CPU
		{EE62BD49-D6AE-49F1-834B-0BD3C8969912}.Release|Any CPU.Build.0 = Release|Any CPU
		{28AB131E-3EEF-4584-9BAF-7FF6442D839F}.Debug|Any CPU.ActiveCfg = Debug|Any CPU
		{28AB131E-3EEF-4584-9BAF-7FF6442D839F}.Debug|Any CPU.Build.0 = Debug|Any CPU
		{28AB131E-3EEF-4584-9BAF-7FF6442D839F}.Release|Any CPU.ActiveCfg = Release|Any CPU
		{28AB131E-3EEF-4584-9BAF-7FF6442D839F}.Release|Any CPU.Build.0 = Release|Any CPU
		{5F2A0592-DF6B-4067-9D2C-F3FD542FD134}.Debug|Any CPU.ActiveCfg = Debug|Any CPU
		{5F2A0592-DF6B-4067-9D2C-F3FD542FD134}.Debug|Any CPU.Build.0 = Debug|Any CPU
		{5F2A0592-DF6B-4067-9D2C-F3FD542FD134}.Release|Any CPU.ActiveCfg = Release|Any CPU
		{5F2A0592-DF6B-4067-9D2C-F3FD542FD134}.Release|Any CPU.Build.0 = Release|Any CPU
		{D5FD1DA8-DE94-4AD9-90C5-8334A1247B43}.Debug|Any CPU.ActiveCfg = Debug|Any CPU
		{D5FD1DA8-DE94-4AD9-90C5-8334A1247B43}.Debug|Any CPU.Build.0 = Debug|Any CPU
		{D5FD1DA8-DE94-4AD9-90C5-8334A1247B43}.Release|Any CPU.ActiveCfg = Release|Any CPU
		{D5FD1DA8-DE94-4AD9-90C5-8334A1247B43}.Release|Any CPU.Build.0 = Release|Any CPU
		{2B0245C1-187C-48AA-9EE3-FC2403548F1C}.Debug|Any CPU.ActiveCfg = Debug|Any CPU
		{2B0245C1-187C-48AA-9EE3-FC2403548F1C}.Debug|Any CPU.Build.0 = Debug|Any CPU
		{2B0245C1-187C-48AA-9EE3-FC2403548F1C}.Release|Any CPU.ActiveCfg = Release|Any CPU
		{2B0245C1-187C-48AA-9EE3-FC2403548F1C}.Release|Any CPU.Build.0 = Release|Any CPU
		{6AB8BF80-87F5-4FDE-A250-99E73A8D530B}.Debug|Any CPU.ActiveCfg = Debug|Any CPU
		{6AB8BF80-87F5-4FDE-A250-99E73A8D530B}.Debug|Any CPU.Build.0 = Debug|Any CPU
		{6AB8BF80-87F5-4FDE-A250-99E73A8D530B}.Release|Any CPU.ActiveCfg = Release|Any CPU
		{6AB8BF80-87F5-4FDE-A250-99E73A8D530B}.Release|Any CPU.Build.0 = Release|Any CPU
		{4589D790-7CC1-47BC-91DD-730421BC1E55}.Debug|Any CPU.ActiveCfg = Debug|Any CPU
		{4589D790-7CC1-47BC-91DD-730421BC1E55}.Debug|Any CPU.Build.0 = Debug|Any CPU
		{4589D790-7CC1-47BC-91DD-730421BC1E55}.Release|Any CPU.ActiveCfg = Release|Any CPU
		{4589D790-7CC1-47BC-91DD-730421BC1E55}.Release|Any CPU.Build.0 = Release|Any CPU
		{5C2EE769-305A-44AE-9020-678210F341A2}.Debug|Any CPU.ActiveCfg = Debug|Any CPU
		{5C2EE769-305A-44AE-9020-678210F341A2}.Debug|Any CPU.Build.0 = Debug|Any CPU
		{5C2EE769-305A-44AE-9020-678210F341A2}.Release|Any CPU.ActiveCfg = Release|Any CPU
		{5C2EE769-305A-44AE-9020-678210F341A2}.Release|Any CPU.Build.0 = Release|Any CPU
		{4F52EDB3-A14E-4B1D-8B41-CDABE1FBAF97}.Debug|Any CPU.ActiveCfg = Debug|Any CPU
		{4F52EDB3-A14E-4B1D-8B41-CDABE1FBAF97}.Debug|Any CPU.Build.0 = Debug|Any CPU
		{4F52EDB3-A14E-4B1D-8B41-CDABE1FBAF97}.Release|Any CPU.ActiveCfg = Release|Any CPU
		{4F52EDB3-A14E-4B1D-8B41-CDABE1FBAF97}.Release|Any CPU.Build.0 = Release|Any CPU
		{1C708237-293B-4DD2-9AF8-C4950553CA61}.Debug|Any CPU.ActiveCfg = Debug|Any CPU
		{1C708237-293B-4DD2-9AF8-C4950553CA61}.Debug|Any CPU.Build.0 = Debug|Any CPU
		{1C708237-293B-4DD2-9AF8-C4950553CA61}.Release|Any CPU.ActiveCfg = Release|Any CPU
		{1C708237-293B-4DD2-9AF8-C4950553CA61}.Release|Any CPU.Build.0 = Release|Any CPU
		{98E3306B-173A-4C80-9CCF-27689D151E40}.Debug|Any CPU.ActiveCfg = Debug|Any CPU
		{98E3306B-173A-4C80-9CCF-27689D151E40}.Debug|Any CPU.Build.0 = Debug|Any CPU
		{98E3306B-173A-4C80-9CCF-27689D151E40}.Release|Any CPU.ActiveCfg = Release|Any CPU
		{98E3306B-173A-4C80-9CCF-27689D151E40}.Release|Any CPU.Build.0 = Release|Any CPU
		{4191A6D8-19D0-4A63-A36E-E5DE3AC2E304}.Debug|Any CPU.ActiveCfg = Debug|Any CPU
		{4191A6D8-19D0-4A63-A36E-E5DE3AC2E304}.Debug|Any CPU.Build.0 = Debug|Any CPU
		{4191A6D8-19D0-4A63-A36E-E5DE3AC2E304}.Release|Any CPU.ActiveCfg = Release|Any CPU
		{4191A6D8-19D0-4A63-A36E-E5DE3AC2E304}.Release|Any CPU.Build.0 = Release|Any CPU
		{0C52D327-E5A6-4AE9-B435-7B4F7DCCF48D}.Debug|Any CPU.ActiveCfg = Debug|Any CPU
		{0C52D327-E5A6-4AE9-B435-7B4F7DCCF48D}.Debug|Any CPU.Build.0 = Debug|Any CPU
		{0C52D327-E5A6-4AE9-B435-7B4F7DCCF48D}.Release|Any CPU.ActiveCfg = Release|Any CPU
		{0C52D327-E5A6-4AE9-B435-7B4F7DCCF48D}.Release|Any CPU.Build.0 = Release|Any CPU
		{CF571C69-F514-4B34-AE9A-31FFE95A8AFA}.Debug|Any CPU.ActiveCfg = Debug|Any CPU
		{CF571C69-F514-4B34-AE9A-31FFE95A8AFA}.Debug|Any CPU.Build.0 = Debug|Any CPU
		{CF571C69-F514-4B34-AE9A-31FFE95A8AFA}.Release|Any CPU.ActiveCfg = Release|Any CPU
		{CF571C69-F514-4B34-AE9A-31FFE95A8AFA}.Release|Any CPU.Build.0 = Release|Any CPU
		{837354F6-9F13-421B-9DAC-781DA0810B4E}.Debug|Any CPU.ActiveCfg = Debug|Any CPU
		{837354F6-9F13-421B-9DAC-781DA0810B4E}.Debug|Any CPU.Build.0 = Debug|Any CPU
		{837354F6-9F13-421B-9DAC-781DA0810B4E}.Release|Any CPU.ActiveCfg = Release|Any CPU
		{837354F6-9F13-421B-9DAC-781DA0810B4E}.Release|Any CPU.Build.0 = Release|Any CPU
		{004B136D-98CA-4537-B3A5-22D0EF965A6A}.Debug|Any CPU.ActiveCfg = Debug|Any CPU
		{004B136D-98CA-4537-B3A5-22D0EF965A6A}.Debug|Any CPU.Build.0 = Debug|Any CPU
		{004B136D-98CA-4537-B3A5-22D0EF965A6A}.Release|Any CPU.ActiveCfg = Release|Any CPU
		{004B136D-98CA-4537-B3A5-22D0EF965A6A}.Release|Any CPU.Build.0 = Release|Any CPU
		{9C6F0AEF-B184-48B5-B28A-6563EE4D2B80}.Debug|Any CPU.ActiveCfg = Debug|Any CPU
		{9C6F0AEF-B184-48B5-B28A-6563EE4D2B80}.Debug|Any CPU.Build.0 = Debug|Any CPU
		{9C6F0AEF-B184-48B5-B28A-6563EE4D2B80}.Release|Any CPU.ActiveCfg = Release|Any CPU
		{9C6F0AEF-B184-48B5-B28A-6563EE4D2B80}.Release|Any CPU.Build.0 = Release|Any CPU
		{2190F305-8CA2-444C-8067-E7C0EA027069}.Debug|Any CPU.ActiveCfg = Debug|Any CPU
		{2190F305-8CA2-444C-8067-E7C0EA027069}.Debug|Any CPU.Build.0 = Debug|Any CPU
		{2190F305-8CA2-444C-8067-E7C0EA027069}.Release|Any CPU.ActiveCfg = Release|Any CPU
		{2190F305-8CA2-444C-8067-E7C0EA027069}.Release|Any CPU.Build.0 = Release|Any CPU
	EndGlobalSection
	GlobalSection(SolutionProperties) = preSolution
		HideSolutionNode = FALSE
	EndGlobalSection
	GlobalSection(NestedProjects) = preSolution
		{890BAF2A-CF44-4ED8-ABB6-7B27E513BAA7} = {2504136B-6806-4A72-A992-F4301EA41D54}
		{9E9E8BBC-0D1F-40B4-80ED-0200EBC6369A} = {2504136B-6806-4A72-A992-F4301EA41D54}
		{6804CC91-5A13-4645-90A0-72EC6E16CA93} = {2504136B-6806-4A72-A992-F4301EA41D54}
		{AE8F83E0-A3D6-4B60-807B-17181C2DA089} = {2504136B-6806-4A72-A992-F4301EA41D54}
		{295E5958-5A72-460E-83E6-ED68471F7673} = {2504136B-6806-4A72-A992-F4301EA41D54}
		{F71E76DC-29CD-45D1-BCB1-8DE3DF562D07} = {2504136B-6806-4A72-A992-F4301EA41D54}
		{1641C6B8-DFAA-4A98-9682-83EBEBBCC081} = {2504136B-6806-4A72-A992-F4301EA41D54}
		{A8E10424-4675-4E94-8B1E-B18046E4AD34} = {2504136B-6806-4A72-A992-F4301EA41D54}
		{0C555728-B492-441E-853C-7FBCEF614B8C} = {2504136B-6806-4A72-A992-F4301EA41D54}
		{83FB789D-5528-4F60-9FE0-A46048EC9C33} = {2504136B-6806-4A72-A992-F4301EA41D54}
		{D7A2D162-1FCB-48FB-BA97-4377F2C140AA} = {2504136B-6806-4A72-A992-F4301EA41D54}
		{3D3357C4-D1C1-4D94-B5D2-545532DA0597} = {2504136B-6806-4A72-A992-F4301EA41D54}
		{CA09DBBE-9A6A-4842-9F73-D2FFEB3AD2F9} = {2504136B-6806-4A72-A992-F4301EA41D54}
		{7EE84F60-867F-44BD-BEE5-06DFB0BD586F} = {2504136B-6806-4A72-A992-F4301EA41D54}
		{01AB9F54-7320-4C23-8FAB-A6372B6ADDB0} = {2504136B-6806-4A72-A992-F4301EA41D54}
		{ADE8226C-1B6B-42E9-A0D9-771C23B34FC8} = {2504136B-6806-4A72-A992-F4301EA41D54}
		{D76D0403-AA62-408A-ACBC-D727DB0F157D} = {72A34788-104B-4716-8032-70DFEF19BB8D}
		{D8F842A7-B2DB-47C2-B113-8A4A46A09C24} = {72A34788-104B-4716-8032-70DFEF19BB8D}
		{BED91DD3-C8E3-47C7-99D8-7B265C2B55C5} = {72A34788-104B-4716-8032-70DFEF19BB8D}
		{916A1731-2F20-45A1-8ECC-26F0EFBE482C} = {72A34788-104B-4716-8032-70DFEF19BB8D}
		{581A7760-734B-4044-AFD9-8DFDDEDC1870} = {8CE6A05C-07A9-45BA-B35B-A6E4DD9CC4A9}
		{F9926C44-2274-4C60-8C9C-A8C1DC802B90} = {0F9C62CD-9B56-4423-9C2C-A9B82D8F609F}
		{A01F91E8-6595-4C23-B198-9F84A118FE52} = {0F9C62CD-9B56-4423-9C2C-A9B82D8F609F}
		{367F4F96-76AE-4C9B-8021-DB527ACBDAE8} = {0F9C62CD-9B56-4423-9C2C-A9B82D8F609F}
		{21582157-1ED8-45B0-8ECA-90B803644990} = {0F9C62CD-9B56-4423-9C2C-A9B82D8F609F}
		{75D2C397-C4D3-4427-9A3D-1FE824A7F876} = {0F9C62CD-9B56-4423-9C2C-A9B82D8F609F}
		{3C4EE97C-A69F-4998-B486-47D3D34A7674} = {0F9C62CD-9B56-4423-9C2C-A9B82D8F609F}
		{C6E95411-337A-4DE0-BDAB-36499BC90411} = {0F9C62CD-9B56-4423-9C2C-A9B82D8F609F}
		{EE62BD49-D6AE-49F1-834B-0BD3C8969912} = {0F9C62CD-9B56-4423-9C2C-A9B82D8F609F}
		{28AB131E-3EEF-4584-9BAF-7FF6442D839F} = {0F9C62CD-9B56-4423-9C2C-A9B82D8F609F}
		{5F2A0592-DF6B-4067-9D2C-F3FD542FD134} = {5AA1A6E2-8622-4FCC-AF73-DDC828F9B345}
		{D5FD1DA8-DE94-4AD9-90C5-8334A1247B43} = {5AA1A6E2-8622-4FCC-AF73-DDC828F9B345}
		{2B0245C1-187C-48AA-9EE3-FC2403548F1C} = {5AA1A6E2-8622-4FCC-AF73-DDC828F9B345}
		{6AB8BF80-87F5-4FDE-A250-99E73A8D530B} = {5AA1A6E2-8622-4FCC-AF73-DDC828F9B345}
		{4589D790-7CC1-47BC-91DD-730421BC1E55} = {1A66B6F9-35B8-4496-851C-F85120802A29}
		{5C2EE769-305A-44AE-9020-678210F341A2} = {1A66B6F9-35B8-4496-851C-F85120802A29}
		{4F52EDB3-A14E-4B1D-8B41-CDABE1FBAF97} = {1A66B6F9-35B8-4496-851C-F85120802A29}
		{1C708237-293B-4DD2-9AF8-C4950553CA61} = {1A66B6F9-35B8-4496-851C-F85120802A29}
		{98E3306B-173A-4C80-9CCF-27689D151E40} = {1A66B6F9-35B8-4496-851C-F85120802A29}
		{4191A6D8-19D0-4A63-A36E-E5DE3AC2E304} = {EC57C173-A199-48DE-A784-414178F60821}
		{0C52D327-E5A6-4AE9-B435-7B4F7DCCF48D} = {EC57C173-A199-48DE-A784-414178F60821}
		{CF571C69-F514-4B34-AE9A-31FFE95A8AFA} = {EC57C173-A199-48DE-A784-414178F60821}
		{837354F6-9F13-421B-9DAC-781DA0810B4E} = {EC57C173-A199-48DE-A784-414178F60821}
		{004B136D-98CA-4537-B3A5-22D0EF965A6A} = {16869B23-F5E0-4519-AAE2-77942289D5BF}
		{9C6F0AEF-B184-48B5-B28A-6563EE4D2B80} = {16869B23-F5E0-4519-AAE2-77942289D5BF}
		{2190F305-8CA2-444C-8067-E7C0EA027069} = {16869B23-F5E0-4519-AAE2-77942289D5BF}
	EndGlobalSection
EndGlobal
